github.com/polis-interactive/go-lighting-utils v0.0.6 h1:02AyG5iyZq9dT1h7gKkkUgnLsm5aN/hbYvF62nrUOBI=
github.com/polis-interactive/go-lighting-utils v0.0.6/go.mod h1:U8Ta6vNMPtx2XKbleXtTb3kBbkg2HysOG9fbtfrD5kY=
github.com/polis-interactive/go-lighting-utils v0.0.7 h1:sqIzXqcdO2QoqFSM9QqfxbPigtrxSENy/cVbP+4eE2A=
github.com/polis-interactive/go-lighting-utils v0.0.7/go.mod h1:U8Ta6vNMPtx2XKbleXtTb3kBbkg2HysOG9fbtfrD5kY=
github.com/polis-interactive/go-lighting-utils v0.0.8 h1:2rUZznRN+OfxgQ+nAX5yGm2I3MLP6F+EINeKHP0SUXY=
github.com/polis-interactive/go-lighting-utils v0.0.8/go.mod h1:U8Ta6vNMPtx2XKbleXtTb3kBbkg2HysOG9fbtfrD5kY=
github.com/polis-interactive/go-lighting-utils v0.0.9 h1:FRY1azqZxQxJb5jY4B1aS7SX4lf6LBZrOOHGi4YijMQ=
github.com/polis-interactive/go-lighting-utils v0.0.9/go.mod h1:U8Ta6vNMPtx2XKbleXtTb3kBbkg2HysOG9fbtfrD5kY=
github.com/polis-interactive/go-lighting-utils v0.0.10 h1:9lQN1z8h6WpFskDWr++V9Tr/kfCu2Znwmac7i/NZGkw=
github.com/polis-interactive/go-lighting-utils v0.0.10/go.mod h1:U8Ta6vNMPtx2XKbleXtTb3kBbkg2HysOG9fbtfrD5kY=
