github.com/coreos/go-systemd/v22 v22.3.3-0.20220203105225-a9a7ef127534/go.mod h1:Y58oyj3AT4RCenI/lSvhwexgC+NSVTIJ3seZv2GcEnc=
github.com/davecgh/go-spew v1.1.1/go.mod h1:J7Y8YcW2NihsgmVo/mv3lAwl/skON4iLHjSsI+c5H38=
github.com/go-gl/gl v0.0.0-20211210172815-726fda9656d6 h1:zDw5v7qm4yH7N8C8uWd+8Ii9rROdgWxQuGoJ9WDXxfk=
github.com/go-gl/gl v0.0.0-20211210172815-726fda9656d6/go.mod h1:9YTyiznxEY1fVinfM7RvRcjRHbw2xLBJ3AAGIT0I4Nw=
github.com/go-gl/glfw/v3.3/glfw v0.0.0-20211213063430-748e38ca8aec h1:3FLiRYO6PlQFDpUU7OEFlWgjGD1jnBIVSJ5SYRWk+9c=
github.com/go-gl/glfw/v3.3/glfw v0.0.0-20211213063430-748e38ca8aec/go.mod h1:tQ2UAYgL5IevRw8kRxooKSPJfGvJ9fJQFa0TUsXzTg8=
github.com/godbus/dbus/v5 v5.0.4/go.mod h1:xhWf0FNVPg57R7Z0UbKHbJfkEywrmjJnf7w5xrFpKfA=
github.com/jsimonetti/go-artnet v0.0.0-20210922080205-810e8e5e57a2 h1:9qRbgauCkoRDWt1qVK4S85oMt1vTyFx2X5G2J4lKQWw=
github.com/jsimonetti/go-artnet v0.0.0-20210922080205-810e8e5e57a2/go.mod h1:tF7t/+g43q0xWFefmRrYnkmLNFvULerIG/pkrkWeg5I=
github.com/mattn/go-colorable v0.1.12 h1:jF+Du6AlPIjs2BiUiQlKOX0rt3SujHxPnksPKZbaA40=
github.com/mattn/go-colorable v0.1.12/go.mod h1:u5H1YNBxpqRaxsYJYSkiCWKzEfiAb1Gb520KVy5xxl4=
github.com/mattn/go-isatty v0.0.14 h1:yVuAays6BHfxijgZPzw+3Zlu5yQgKGP2/hcQbHb7S9Y=
github.com/mattn/go-isatty v0.0.14/go.mod h1:7GGIvUiUoEMVVmxf/4nioHXj79iQHKdU27kJ6hsGG94=
github.com/pkg/errors v0.9.1/go.mod h1:bwawxfHBFNV+L2hUp1rHADufV3IMtnDRdf1r5NINEl0=
github.com/pmezard/go-difflib v1.0.0/go.mod h1:iKH77koFhYxTK1pcRnkKkqfTogsbg7gZNVY4sRDYZ/4=
github.com/polis-interactive/go-lighting-utils v0.0.6 h1:02AyG5iyZq9dT1h7gKkkUgnLsm5aN/hbYvF62nrUOBI=
github.com/polis-interactive/go-lighting-utils v0.0.6/go.mod h1:U8Ta6vNMPtx2XKbleXtTb3kBbkg2HysOG9fbtfrD5kY=
github.com/polis-interactive/go-lighting-utils v0.0.7 h1:sqIzXqcdO2QoqFSM9QqfxbPigtrxSENy/cVbP+4eE2A=
github.com/polis-interactive/go-lighting-utils v0.0.7/go.mod h1:U8Ta6vNMPtx2XKbleXtTb3kBbkg2HysOG9fbtfrD5kY=
github.com/polis-interactive/go-lighting-utils v0.0.8 h1:2rUZznRN+OfxgQ+nAX5yGm2I3MLP6F+EINeKHP0SUXY=
github.com/polis-interactive/go-lighting-utils v0.0.8/go.mod h1:U8Ta6vNMPtx2XKbleXtTb3kBbkg2HysOG9fbtfrD5kY=
github.com/polis-interactive/go-lighting-utils v0.0.9 h1:FRY1azqZxQxJb5jY4B1aS7SX4lf6LBZrOOHGi4YijMQ=
github.com/polis-interactive/go-lighting-utils v0.0.9/go.mod h1:U8Ta6vNMPtx2XKbleXtTb3kBbkg2HysOG9fbtfrD5kY=
github.com/polis-interactive/go-lighting-utils v0.0.10 h1:9lQN1z8h6WpFskDWr++V9Tr/kfCu2Znwmac7i/NZGkw=
github.com/polis-interactive/go-lighting-utils v0.0.10/go.mod h1:U8Ta6vNMPtx2XKbleXtTb3kBbkg2HysOG9fbtfrD5kY=
github.com/rs/xid v1.3.0/go.mod h1:trrq9SKmegXys3aeAKXMUTdJsYXVwGY3RLcfgqegfbg=
github.com/rs/zerolog v1.27.0 h1:1T7qCieN22GVc8S4Q2yuexzBb1EqjbgjSH9RohbMjKs=
github.com/rs/zerolog v1.27.0/go.mod h1:7frBqO0oezxmnO7GF86FY++uy8I0Tk/If5ni1G9Qc0U=
github.com/sirupsen/logrus v1.8.1 h1:dJKuHgqk1NNQlqoA6BTlM1Wf9DOH3NBjQyu0h9+AZZE=
github.com/sirupsen/logrus v1.8.1/go.mod h1:yWOB1SBYBC5VeMP7gHvWumXLIWorT60ONWic61uBYv0=
github.com/stretchr/testify v1.2.2/go.mod h1:a8OnRcib4nhh0OaRAV+Yts87kKdq0PP7pXfy6kDkUVs=
golang.org/x/sys v0.0.0-20191026070338-33540a1f6037/go.mod h1:h1NjWce9XRLGQEsW7wpKNCjG9DtNlClVuFLEZdDNbEs=
golang.org/x/sys v0.0.0-20210630005230-0f9fa26af87c/go.mod h1:oPkhp1MJrh7nUepCBck5+mAzfO9JrbApNNgaTdGDITg=
golang.org/x/sys v0.0.0-20210927094055-39ccf1dd6fa6/go.mod h1:oPkhp1MJrh7nUepCBck5+mAzfO9JrbApNNgaTdGDITg=
golang.org/x/sys v0.0.0-20220615213510-4f61da869c0c h1:aFV+BgZ4svzjfabn8ERpuB4JI4N6/rdy1iusx77G3oU=
golang.org/x/sys v0.0.0-20220615213510-4f61da869c0c/go.mod h1:oPkhp1MJrh7nUepCBck5+mAzfO9JrbApNNgaTdGDITg=
